// !$*UTF8*$!
{
	archiveVersion = 1;
	classes = {
	};
	objectVersion = 56;
	objects = {

/* Begin PBXBuildFile section */
		FDA4E1CF2BAE555A00EB3C6E /* DubGrubApp.swift in Sources */ = {isa = PBXBuildFile; fileRef = FDA4E1CE2BAE555A00EB3C6E /* DubGrubApp.swift */; };
		FDA4E1D32BAE555B00EB3C6E /* Assets.xcassets in Resources */ = {isa = PBXBuildFile; fileRef = FDA4E1D22BAE555B00EB3C6E /* Assets.xcassets */; };
		FDA4E1D62BAE555B00EB3C6E /* Preview Assets.xcassets in Resources */ = {isa = PBXBuildFile; fileRef = FDA4E1D52BAE555B00EB3C6E /* Preview Assets.xcassets */; };
		FDA4E1E02BAE58CF00EB3C6E /* AppTabView.swift in Sources */ = {isa = PBXBuildFile; fileRef = FDA4E1DF2BAE58CF00EB3C6E /* AppTabView.swift */; };
		FDA4E1E22BAE58F100EB3C6E /* LocationMapView.swift in Sources */ = {isa = PBXBuildFile; fileRef = FDA4E1E12BAE58F100EB3C6E /* LocationMapView.swift */; };
		FDA4E1E42BAE590E00EB3C6E /* LocationListView.swift in Sources */ = {isa = PBXBuildFile; fileRef = FDA4E1E32BAE590E00EB3C6E /* LocationListView.swift */; };
		FDA4E1E62BAE592500EB3C6E /* ProfileView.swift in Sources */ = {isa = PBXBuildFile; fileRef = FDA4E1E52BAE592500EB3C6E /* ProfileView.swift */; };
/* End PBXBuildFile section */

/* Begin PBXFileReference section */
		FDA4E1CB2BAE555A00EB3C6E /* DubGrub.app */ = {isa = PBXFileReference; explicitFileType = wrapper.application; includeInIndex = 0; path = DubGrub.app; sourceTree = BUILT_PRODUCTS_DIR; };
		FDA4E1CE2BAE555A00EB3C6E /* DubGrubApp.swift */ = {isa = PBXFileReference; lastKnownFileType = sourcecode.swift; path = DubGrubApp.swift; sourceTree = "<group>"; };
		FDA4E1D22BAE555B00EB3C6E /* Assets.xcassets */ = {isa = PBXFileReference; lastKnownFileType = folder.assetcatalog; path = Assets.xcassets; sourceTree = "<group>"; };
		FDA4E1D52BAE555B00EB3C6E /* Preview Assets.xcassets */ = {isa = PBXFileReference; lastKnownFileType = folder.assetcatalog; path = "Preview Assets.xcassets"; sourceTree = "<group>"; };
		FDA4E1DC2BAE56C700EB3C6E /* DubGrub.entitlements */ = {isa = PBXFileReference; lastKnownFileType = text.plist.entitlements; path = DubGrub.entitlements; sourceTree = "<group>"; };
		FDA4E1DF2BAE58CF00EB3C6E /* AppTabView.swift */ = {isa = PBXFileReference; lastKnownFileType = sourcecode.swift; path = AppTabView.swift; sourceTree = "<group>"; };
		FDA4E1E12BAE58F100EB3C6E /* LocationMapView.swift */ = {isa = PBXFileReference; lastKnownFileType = sourcecode.swift; path = LocationMapView.swift; sourceTree = "<group>"; };
		FDA4E1E32BAE590E00EB3C6E /* LocationListView.swift */ = {isa = PBXFileReference; lastKnownFileType = sourcecode.swift; path = LocationListView.swift; sourceTree = "<group>"; };
		FDA4E1E52BAE592500EB3C6E /* ProfileView.swift */ = {isa = PBXFileReference; lastKnownFileType = sourcecode.swift; path = ProfileView.swift; sourceTree = "<group>"; };
/* End PBXFileReference section */

/* Begin PBXFrameworksBuildPhase section */
		FDA4E1C82BAE555A00EB3C6E /* Frameworks */ = {
			isa = PBXFrameworksBuildPhase;
			buildActionMask = 2147483647;
			files = (
			);
			runOnlyForDeploymentPostprocessing = 0;
		};
/* End PBXFrameworksBuildPhase section */

/* Begin PBXGroup section */
		FDA4E1C22BAE555A00EB3C6E = {
			isa = PBXGroup;
			children = (
				FDA4E1CD2BAE555A00EB3C6E /* DubGrub */,
				FDA4E1CC2BAE555A00EB3C6E /* Products */,
			);
			sourceTree = "<group>";
		};
		FDA4E1CC2BAE555A00EB3C6E /* Products */ = {
			isa = PBXGroup;
			children = (
				FDA4E1CB2BAE555A00EB3C6E /* DubGrub.app */,
			);
			name = Products;
			sourceTree = "<group>";
		};
		FDA4E1CD2BAE555A00EB3C6E /* DubGrub */ = {
			isa = PBXGroup;
			children = (
				FDA4E1DC2BAE56C700EB3C6E /* DubGrub.entitlements */,
				FDA4E1CE2BAE555A00EB3C6E /* DubGrubApp.swift */,
				FDA4E1DF2BAE58CF00EB3C6E /* AppTabView.swift */,
				FDA4E1E12BAE58F100EB3C6E /* LocationMapView.swift */,
				FDA4E1E32BAE590E00EB3C6E /* LocationListView.swift */,
				FDA4E1E52BAE592500EB3C6E /* ProfileView.swift */,
				FDA4E1D22BAE555B00EB3C6E /* Assets.xcassets */,
				FDA4E1D42BAE555B00EB3C6E /* Preview Content */,
			);
			path = DubGrub;
			sourceTree = "<group>";
		};
		FDA4E1D42BAE555B00EB3C6E /* Preview Content */ = {
			isa = PBXGroup;
			children = (
				FDA4E1D52BAE555B00EB3C6E /* Preview Assets.xcassets */,
			);
			path = "Preview Content";
			sourceTree = "<group>";
		};
/* End PBXGroup section */

/* Begin PBXNativeTarget section */
		FDA4E1CA2BAE555A00EB3C6E /* DubGrub */ = {
			isa = PBXNativeTarget;
			buildConfigurationList = FDA4E1D92BAE555B00EB3C6E /* Build configuration list for PBXNativeTarget "DubGrub" */;
			buildPhases = (
				FDA4E1C72BAE555A00EB3C6E /* Sources */,
				FDA4E1C82BAE555A00EB3C6E /* Frameworks */,
				FDA4E1C92BAE555A00EB3C6E /* Resources */,
			);
			buildRules = (
			);
			dependencies = (
			);
			name = DubGrub;
			productName = DubGrub;
			productReference = FDA4E1CB2BAE555A00EB3C6E /* DubGrub.app */;
			productType = "com.apple.product-type.application";
		};
/* End PBXNativeTarget section */

/* Begin PBXProject section */
		FDA4E1C32BAE555A00EB3C6E /* Project object */ = {
			isa = PBXProject;
			attributes = {
				BuildIndependentTargetsInParallel = 1;
				LastSwiftUpdateCheck = 1530;
				LastUpgradeCheck = 1530;
				TargetAttributes = {
					FDA4E1CA2BAE555A00EB3C6E = {
						CreatedOnToolsVersion = 15.3;
					};
				};
			};
			buildConfigurationList = FDA4E1C62BAE555A00EB3C6E /* Build configuration list for PBXProject "DubGrub" */;
			compatibilityVersion = "Xcode 14.0";
			developmentRegion = en;
			hasScannedForEncodings = 0;
			knownRegions = (
				en,
				Base,
			);
			mainGroup = FDA4E1C22BAE555A00EB3C6E;
			productRefGroup = FDA4E1CC2BAE555A00EB3C6E /* Products */;
			projectDirPath = "";
			projectRoot = "";
			targets = (
				FDA4E1CA2BAE555A00EB3C6E /* DubGrub */,
			);
		};
/* End PBXProject section */

/* Begin PBXResourcesBuildPhase section */
		FDA4E1C92BAE555A00EB3C6E /* Resources */ = {
			isa = PBXResourcesBuildPhase;
			buildActionMask = 2147483647;
			files = (
				FDA4E1D62BAE555B00EB3C6E /* Preview Assets.xcassets in Resources */,
				FDA4E1D32BAE555B00EB3C6E /* Assets.xcassets in Resources */,
			);
			runOnlyForDeploymentPostprocessing = 0;
		};
/* End PBXResourcesBuildPhase section */

/* Begin PBXSourcesBuildPhase section */
		FDA4E1C72BAE555A00EB3C6E /* Sources */ = {
			isa = PBXSourcesBuildPhase;
			buildActionMask = 2147483647;
			files = (
				FDA4E1E02BAE58CF00EB3C6E /* AppTabView.swift in Sources */,
				FDA4E1E42BAE590E00EB3C6E /* LocationListView.swift in Sources */,
				FDA4E1E22BAE58F100EB3C6E /* LocationMapView.swift in Sources */,
				FDA4E1E62BAE592500EB3C6E /* ProfileView.swift in Sources */,
				FDA4E1CF2BAE555A00EB3C6E /* DubGrubApp.swift in Sources */,
			);
			runOnlyForDeploymentPostprocessing = 0;
		};
/* End PBXSourcesBuildPhase section */

/* Begin XCBuildConfiguration section */
		FDA4E1D72BAE555B00EB3C6E /* Debug */ = {
			isa = XCBuildConfiguration;
			buildSettings = {
				ALWAYS_SEARCH_USER_PATHS = NO;
				ASSETCATALOG_COMPILER_GENERATE_SWIFT_ASSET_SYMBOL_EXTENSIONS = YES;
				CLANG_ANALYZER_NONNULL = YES;
				CLANG_ANALYZER_NUMBER_OBJECT_CONVERSION = YES_AGGRESSIVE;
				CLANG_CXX_LANGUAGE_STANDARD = "gnu++20";
				CLANG_ENABLE_MODULES = YES;
				CLANG_ENABLE_OBJC_ARC = YES;
				CLANG_ENABLE_OBJC_WEAK = YES;
				CLANG_WARN_BLOCK_CAPTURE_AUTORELEASING = YES;
				CLANG_WARN_BOOL_CONVERSION = YES;
				CLANG_WARN_COMMA = YES;
				CLANG_WARN_CONSTANT_CONVERSION = YES;
				CLANG_WARN_DEPRECATED_OBJC_IMPLEMENTATIONS = YES;
				CLANG_WARN_DIRECT_OBJC_ISA_USAGE = YES_ERROR;
				CLANG_WARN_DOCUMENTATION_COMMENTS = YES;
				CLANG_WARN_EMPTY_BODY = YES;
				CLANG_WARN_ENUM_CONVERSION = YES;
				CLANG_WARN_INFINITE_RECURSION = YES;
				CLANG_WARN_INT_CONVERSION = YES;
				CLANG_WARN_NON_LITERAL_NULL_CONVERSION = YES;
				CLANG_WARN_OBJC_IMPLICIT_RETAIN_SELF = YES;
				CLANG_WARN_OBJC_LITERAL_CONVERSION = YES;
				CLANG_WARN_OBJC_ROOT_CLASS = YES_ERROR;
				CLANG_WARN_QUOTED_INCLUDE_IN_FRAMEWORK_HEADER = YES;
				CLANG_WARN_RANGE_LOOP_ANALYSIS = YES;
				CLANG_WARN_STRICT_PROTOTYPES = YES;
				CLANG_WARN_SUSPICIOUS_MOVE = YES;
				CLANG_WARN_UNGUARDED_AVAILABILITY = YES_AGGRESSIVE;
				CLANG_WARN_UNREACHABLE_CODE = YES;
				CLANG_WARN__DUPLICATE_METHOD_MATCH = YES;
				COPY_PHASE_STRIP = NO;
				DEBUG_INFORMATION_FORMAT = dwarf;
				ENABLE_STRICT_OBJC_MSGSEND = YES;
				ENABLE_TESTABILITY = YES;
				ENABLE_USER_SCRIPT_SANDBOXING = YES;
				GCC_C_LANGUAGE_STANDARD = gnu17;
				GCC_DYNAMIC_NO_PIC = NO;
				GCC_NO_COMMON_BLOCKS = YES;
				GCC_OPTIMIZATION_LEVEL = 0;
				GCC_PREPROCESSOR_DEFINITIONS = (
					"DEBUG=1",
					"$(inherited)",
				);
				GCC_WARN_64_TO_32_BIT_CONVERSION = YES;
				GCC_WARN_ABOUT_RETURN_TYPE = YES_ERROR;
				GCC_WARN_UNDECLARED_SELECTOR = YES;
				GCC_WARN_UNINITIALIZED_AUTOS = YES_AGGRESSIVE;
				GCC_WARN_UNUSED_FUNCTION = YES;
				GCC_WARN_UNUSED_VARIABLE = YES;
				IPHONEOS_DEPLOYMENT_TARGET = 17.4;
				LOCALIZATION_PREFERS_STRING_CATALOGS = YES;
				MTL_ENABLE_DEBUG_INFO = INCLUDE_SOURCE;
				MTL_FAST_MATH = YES;
				ONLY_ACTIVE_ARCH = YES;
				SDKROOT = iphoneos;
				SWIFT_ACTIVE_COMPILATION_CONDITIONS = "DEBUG $(inherited)";
				SWIFT_OPTIMIZATION_LEVEL = "-Onone";
			};
			name = Debug;
		};
		FDA4E1D82BAE555B00EB3C6E /* Release */ = {
			isa = XCBuildConfiguration;
			buildSettings = {
				ALWAYS_SEARCH_USER_PATHS = NO;
				ASSETCATALOG_COMPILER_GENERATE_SWIFT_ASSET_SYMBOL_EXTENSIONS = YES;
				CLANG_ANALYZER_NONNULL = YES;
				CLANG_ANALYZER_NUMBER_OBJECT_CONVERSION = YES_AGGRESSIVE;
				CLANG_CXX_LANGUAGE_STANDARD = "gnu++20";
				CLANG_ENABLE_MODULES = YES;
				CLANG_ENABLE_OBJC_ARC = YES;
				CLANG_ENABLE_OBJC_WEAK = YES;
				CLANG_WARN_BLOCK_CAPTURE_AUTORELEASING = YES;
				CLANG_WARN_BOOL_CONVERSION = YES;
				CLANG_WARN_COMMA = YES;
				CLANG_WARN_CONSTANT_CONVERSION = YES;
				CLANG_WARN_DEPRECATED_OBJC_IMPLEMENTATIONS = YES;
				CLANG_WARN_DIRECT_OBJC_ISA_USAGE = YES_ERROR;
				CLANG_WARN_DOCUMENTATION_COMMENTS = YES;
				CLANG_WARN_EMPTY_BODY = YES;
				CLANG_WARN_ENUM_CONVERSION = YES;
				CLANG_WARN_INFINITE_RECURSION = YES;
				CLANG_WARN_INT_CONVERSION = YES;
				CLANG_WARN_NON_LITERAL_NULL_CONVERSION = YES;
				CLANG_WARN_OBJC_IMPLICIT_RETAIN_SELF = YES;
				CLANG_WARN_OBJC_LITERAL_CONVERSION = YES;
				CLANG_WARN_OBJC_ROOT_CLASS = YES_ERROR;
				CLANG_WARN_QUOTED_INCLUDE_IN_FRAMEWORK_HEADER = YES;
				CLANG_WARN_RANGE_LOOP_ANALYSIS = YES;
				CLANG_WARN_STRICT_PROTOTYPES = YES;
				CLANG_WARN_SUSPICIOUS_MOVE = YES;
				CLANG_WARN_UNGUARDED_AVAILABILITY = YES_AGGRESSIVE;
				CLANG_WARN_UNREACHABLE_CODE = YES;
				CLANG_WARN__DUPLICATE_METHOD_MATCH = YES;
				COPY_PHASE_STRIP = NO;
				DEBUG_INFORMATION_FORMAT = "dwarf-with-dsym";
				ENABLE_NS_ASSERTIONS = NO;
				ENABLE_STRICT_OBJC_MSGSEND = YES;
				ENABLE_USER_SCRIPT_SANDBOXING = YES;
				GCC_C_LANGUAGE_STANDARD = gnu17;
				GCC_NO_COMMON_BLOCKS = YES;
				GCC_WARN_64_TO_32_BIT_CONVERSION = YES;
				GCC_WARN_ABOUT_RETURN_TYPE = YES_ERROR;
				GCC_WARN_UNDECLARED_SELECTOR = YES;
				GCC_WARN_UNINITIALIZED_AUTOS = YES_AGGRESSIVE;
				GCC_WARN_UNUSED_FUNCTION = YES;
				GCC_WARN_UNUSED_VARIABLE = YES;
				IPHONEOS_DEPLOYMENT_TARGET = 17.4;
				LOCALIZATION_PREFERS_STRING_CATALOGS = YES;
				MTL_ENABLE_DEBUG_INFO = NO;
				MTL_FAST_MATH = YES;
				SDKROOT = iphoneos;
				SWIFT_COMPILATION_MODE = wholemodule;
				VALIDATE_PRODUCT = YES;
			};
			name = Release;
		};
		FDA4E1DA2BAE555B00EB3C6E /* Debug */ = {
			isa = XCBuildConfiguration;
			buildSettings = {
				ASSETCATALOG_COMPILER_APPICON_NAME = AppIcon;
				ASSETCATALOG_COMPILER_GLOBAL_ACCENT_COLOR_NAME = AccentColor;
				CODE_SIGN_ENTITLEMENTS = DubGrub/DubGrub.entitlements;
				CODE_SIGN_STYLE = Automatic;
				CURRENT_PROJECT_VERSION = 1;
				DEVELOPMENT_ASSET_PATHS = "\"DubGrub/Preview Content\"";
				DEVELOPMENT_TEAM = PZ67V2GHY9;
				ENABLE_PREVIEWS = YES;
				GENERATE_INFOPLIST_FILE = YES;
				INFOPLIST_KEY_UIApplicationSceneManifest_Generation = YES;
				INFOPLIST_KEY_UIApplicationSupportsIndirectInputEvents = YES;
				INFOPLIST_KEY_UILaunchScreen_Generation = YES;
				INFOPLIST_KEY_UISupportedInterfaceOrientations_iPad = "UIInterfaceOrientationPortrait UIInterfaceOrientationPortraitUpsideDown UIInterfaceOrientationLandscapeLeft UIInterfaceOrientationLandscapeRight";
				INFOPLIST_KEY_UISupportedInterfaceOrientations_iPhone = "UIInterfaceOrientationPortrait UIInterfaceOrientationLandscapeLeft UIInterfaceOrientationLandscapeRight";
				LD_RUNPATH_SEARCH_PATHS = (
					"$(inherited)",
					"@executable_path/Frameworks",
				);
				MARKETING_VERSION = 1.0;
				PRODUCT_BUNDLE_IDENTIFIER = io.compilery.DubGrub;
				PRODUCT_NAME = "$(TARGET_NAME)";
				SWIFT_EMIT_LOC_STRINGS = YES;
				SWIFT_VERSION = 5.0;
				TARGETED_DEVICE_FAMILY = "1,2";
			};
			name = Debug;
		};
		FDA4E1DB2BAE555B00EB3C6E /* Release */ = {
			isa = XCBuildConfiguration;
			buildSettings = {
				ASSETCATALOG_COMPILER_APPICON_NAME = AppIcon;
				ASSETCATALOG_COMPILER_GLOBAL_ACCENT_COLOR_NAME = AccentColor;
				CODE_SIGN_ENTITLEMENTS = DubGrub/DubGrub.entitlements;
				CODE_SIGN_STYLE = Automatic;
				CURRENT_PROJECT_VERSION = 1;
				DEVELOPMENT_ASSET_PATHS = "\"DubGrub/Preview Content\"";
				DEVELOPMENT_TEAM = PZ67V2GHY9;
				ENABLE_PREVIEWS = YES;
				GENERATE_INFOPLIST_FILE = YES;
				INFOPLIST_KEY_UIApplicationSceneManifest_Generation = YES;
				INFOPLIST_KEY_UIApplicationSupportsIndirectInputEvents = YES;
				INFOPLIST_KEY_UILaunchScreen_Generation = YES;
				INFOPLIST_KEY_UISupportedInterfaceOrientations_iPad = "UIInterfaceOrientationPortrait UIInterfaceOrientationPortraitUpsideDown UIInterfaceOrientationLandscapeLeft UIInterfaceOrientationLandscapeRight";
				INFOPLIST_KEY_UISupportedInterfaceOrientations_iPhone = "UIInterfaceOrientationPortrait UIInterfaceOrientationLandscapeLeft UIInterfaceOrientationLandscapeRight";
				LD_RUNPATH_SEARCH_PATHS = (
					"$(inherited)",
					"@executable_path/Frameworks",
				);
				MARKETING_VERSION = 1.0;
				PRODUCT_BUNDLE_IDENTIFIER = io.compilery.DubGrub;
				PRODUCT_NAME = "$(TARGET_NAME)";
				SWIFT_EMIT_LOC_STRINGS = YES;
				SWIFT_VERSION = 5.0;
				TARGETED_DEVICE_FAMILY = "1,2";
			};
			name = Release;
		};
/* End XCBuildConfiguration section */

/* Begin XCConfigurationList section */
		FDA4E1C62BAE555A00EB3C6E /* Build configuration list for PBXProject "DubGrub" */ = {
			isa = XCConfigurationList;
			buildConfigurations = (
				FDA4E1D72BAE555B00EB3C6E /* Debug */,
				FDA4E1D82BAE555B00EB3C6E /* Release */,
			);
			defaultConfigurationIsVisible = 0;
			defaultConfigurationName = Release;
		};
		FDA4E1D92BAE555B00EB3C6E /* Build configuration list for PBXNativeTarget "DubGrub" */ = {
			isa = XCConfigurationList;
			buildConfigurations = (
				FDA4E1DA2BAE555B00EB3C6E /* Debug */,
				FDA4E1DB2BAE555B00EB3C6E /* Release */,
			);
			defaultConfigurationIsVisible = 0;
			defaultConfigurationName = Release;
		};
/* End XCConfigurationList section */
	};
	rootObject = FDA4E1C32BAE555A00EB3C6E /* Project object */;
}
